
Microsoft Visual Studio Solution File, Format Version 12.00
# Visual Studio Version 17
VisualStudioVersion = 17.4.33213.308
MinimumVisualStudioVersion = 10.0.40219.1
Project("{FAE04EC0-301F-11D3-BF4B-00C04F79EFBC}") = "Freeze", "Freeze\Freeze.csproj", "{71A053D9-B3A4-4D45-B579-F73D98149384}"
EndProject
Global
	GlobalSection(SolutionConfigurationPlatforms) = preSolution
		Debug|Any CPU = Debug|Any CPU
		Release|Any CPU = Release|Any CPU
	EndGlobalSection
	GlobalSection(ProjectConfigurationPlatforms) = postSolution
		{71A053D9-B3A4-4D45-B579-F73D98149384}.Debug|Any CPU.ActiveCfg = Debug|Any CPU
		{71A053D9-B3A4-4D45-B579-F73D98149384}.Debug|Any CPU.Build.0 = Debug|Any CPU
		{71A053D9-B3A4-4D45-B579-F73D98149384}.Release|Any CPU.ActiveCfg = Release|Any CPU
		{71A053D9-B3A4-4D45-B579-F73D98149384}.Release|Any CPU.Build.0 = Release|Any CPU
	EndGlobalSection
	GlobalSection(SolutionProperties) = preSolution
		HideSolutionNode = FALSE
	EndGlobalSection
	GlobalSection(ExtensibilityGlobals) = postSolution
		SolutionGuid = {C8295DD8-1803-401C-9235-D2197093731D}
	EndGlobalSection
EndGlobal
